// !$*UTF8*$!
{
	archiveVersion = 1;
	classes = {
	};
	objectVersion = 77;
	objects = {

/* Begin PBXContainerItemProxy section */
		5E94B5F92FB2617D0089A2C4 /* PBXContainerItemProxy */ = {
			isa = PBXContainerItemProxy;
			containerPortal = 5E94B5DF2FB2617A0089A2C4 /* Project object */;
			proxyType = 1;
			remoteGlobalIDString = 5E94B5E62FB2617A0089A2C4;
			remoteInfo = "Psychosocial  Analytics";
		};
		5E94B6032FB2617D0089A2C4 /* PBXContainerItemProxy */ = {
			isa = PBXContainerItemProxy;
			containerPortal = 5E94B5DF2FB2617A0089A2C4 /* Project object */;
			proxyType = 1;
			remoteGlobalIDString = 5E94B5E62FB2617A0089A2C4;
			remoteInfo = "Psychosocial  Analytics";
		};
/* End PBXContainerItemProxy section */

/* Begin PBXFileReference section */
		5E94B5E72FB2617A0089A2C4 /* Psychosocial  Analytics.app */ = {isa = PBXFileReference; explicitFileType = wrapper.application; includeInIndex = 0; path = "Psychosocial  Analytics.app"; sourceTree = BUILT_PRODUCTS_DIR; };
		5E94B5F82FB2617D0089A2C4 /* Psychosocial  AnalyticsTests.xctest */ = {isa = PBXFileReference; explicitFileType = wrapper.cfbundle; includeInIndex = 0; path = "Psychosocial  AnalyticsTests.xctest"; sourceTree = BUILT_PRODUCTS_DIR; };
		5E94B6022FB2617D0089A2C4 /* Psychosocial  AnalyticsUITests.xctest */ = {isa = PBXFileReference; explicitFileType = wrapper.cfbundle; includeInIndex = 0; path = "Psychosocial  AnalyticsUITests.xctest"; sourceTree = BUILT_PRODUCTS_DIR; };
/* End PBXFileReference section */

/* Begin PBXFileSystemSynchronizedBuildFileExceptionSet section */
		5E94B60A2FB2617D0089A2C4 /* Exceptions for "Psychosocial  Analytics" folder in "Psychosocial  Analytics" target */ = {
			isa = PBXFileSystemSynchronizedBuildFileExceptionSet;
			membershipExceptions = (
				Info.plist,
			);
			target = 5E94B5E62FB2617A0089A2C4 /* Psychosocial  Analytics */;
		};
/* End PBXFileSystemSynchronizedBuildFileExceptionSet section */

/* Begin PBXFileSystemSynchronizedRootGroup section */
		5E94B5E92FB2617A0089A2C4 /* Psychosocial  Analytics */ = {
			isa = PBXFileSystemSynchronizedRootGroup;
			exceptions = (
				5E94B60A2FB2617D0089A2C4 /* Exceptions for "Psychosocial  Analytics" folder in "Psychosocial  Analytics" target */,
			);
			path = "Psychosocial  Analytics";
			sourceTree = "<group>";
		};
		5E94B5FB2FB2617D0089A2C4 /* Psychosocial  AnalyticsTests */ = {
			isa = PBXFileSystemSynchronizedRootGroup;
			path = "Psychosocial  AnalyticsTests";
			sourceTree = "<group>";
		};
		5E94B6052FB2617D0089A2C4 /* Psychosocial  AnalyticsUITests */ = {
			isa = PBXFileSystemSynchronizedRootGroup;
			path = "Psychosocial  AnalyticsUITests";
			sourceTree = "<group>";
		};
/* End PBXFileSystemSynchronizedRootGroup section */

/* Begin PBXFrameworksBuildPhase section */
		5E94B5E42FB2617A0089A2C4 /* Frameworks */ = {
			isa = PBXFrameworksBuildPhase;
			buildActionMask = 2147483647;
			files = (
			);
			runOnlyForDeploymentPostprocessing = 0;
		};
		5E94B5F52FB2617D0089A2C4 /* Frameworks */ = {
			isa = PBXFrameworksBuildPhase;
			buildActionMask = 2147483647;
			files = (
			);
			runOnlyForDeploymentPostprocessing = 0;
		};
		5E94B5FF2FB2617D0089A2C4 /* Frameworks */ = {
			isa = PBXFrameworksBuildPhase;
			buildActionMask = 2147483647;
			files = (
			);
			runOnlyForDeploymentPostprocessing = 0;
		};
/* End PBXFrameworksBuildPhase section */

/* Begin PBXGroup section */
		5E94B5DE2FB2617A0089A2C4 = {
			isa = PBXGroup;
			children = (
				5E94B5E92FB2617A0089A2C4 /* Psychosocial  Analytics */,
				5E94B5FB2FB2617D0089A2C4 /* Psychosocial  AnalyticsTests */,
				5E94B6052FB2617D0089A2C4 /* Psychosocial  AnalyticsUITests */,
				5E94B5E82FB2617A0089A2C4 /* Products */,
			);
			sourceTree = "<group>";
		};
		5E94B5E82FB2617A0089A2C4 /* Products */ = {
			isa = PBXGroup;
			children = (
				5E94B5E72FB2617A0089A2C4 /* Psychosocial  Analytics.app */,
				5E94B5F82FB2617D0089A2C4 /* Psychosocial  AnalyticsTests.xctest */,
				5E94B6022FB2617D0089A2C4 /* Psychosocial  AnalyticsUITests.xctest */,
			);
			name = Products;
			sourceTree = "<group>";
		};
/* End PBXGroup section */

/* Begin PBXNativeTarget section */
		5E94B5E62FB2617A0089A2C4 /* Psychosocial  Analytics */ = {
			isa = PBXNativeTarget;
			buildConfigurationList = 5E94B60B2FB2617D0089A2C4 /* Build configuration list for PBXNativeTarget "Psychosocial  Analytics" */;
			buildPhases = (
				5E94B5E32FB2617A0089A2C4 /* Sources */,
				5E94B5E42FB2617A0089A2C4 /* Frameworks */,
				5E94B5E52FB2617A0089A2C4 /* Resources */,
			);
			buildRules = (
			);
			dependencies = (
			);
			fileSystemSynchronizedGroups = (
				5E94B5E92FB2617A0089A2C4 /* Psychosocial  Analytics */,
			);
			name = "Psychosocial  Analytics";
			packageProductDependencies = (
			);
			productName = "Psychosocial  Analytics";
			productReference = 5E94B5E72FB2617A0089A2C4 /* Psychosocial  Analytics.app */;
			productType = "com.apple.product-type.application";
		};
		5E94B5F72FB2617D0089A2C4 /* Psychosocial  AnalyticsTests */ = {
			isa = PBXNativeTarget;
			buildConfigurationList = 5E94B6102FB2617D0089A2C4 /* Build configuration list for PBXNativeTarget "Psychosocial  AnalyticsTests" */;
			buildPhases = (
				5E94B5F42FB2617D0089A2C4 /* Sources */,
				5E94B5F52FB2617D0089A2C4 /* Frameworks */,
				5E94B5F62FB2617D0089A2C4 /* Resources */,
			);
			buildRules = (
			);
			dependencies = (
				5E94B5FA2FB2617D0089A2C4 /* PBXTargetDependency */,
			);
			fileSystemSynchronizedGroups = (
				5E94B5FB2FB2617D0089A2C4 /* Psychosocial  AnalyticsTests */,
			);
			name = "Psychosocial  AnalyticsTests";
			packageProductDependencies = (
			);
			productName = "Psychosocial  AnalyticsTests";
			productReference = 5E94B5F82FB2617D0089A2C4 /* Psychosocial  AnalyticsTests.xctest */;
			productType = "com.apple.product-type.bundle.unit-test";
		};
		5E94B6012FB2617D0089A2C4 /* Psychosocial  AnalyticsUITests */ = {
			isa = PBXNativeTarget;
			buildConfigurationList = 5E94B6132FB2617D0089A2C4 /* Build configuration list for PBXNativeTarget "Psychosocial  AnalyticsUITests" */;
			buildPhases = (
				5E94B5FE2FB2617D0089A2C4 /* Sources */,
				5E94B5FF2FB2617D0089A2C4 /* Frameworks */,
				5E94B6002FB2617D0089A2C4 /* Resources */,
			);
			buildRules = (
			);
			dependencies = (
				5E94B6042FB2617D0089A2C4 /* PBXTargetDependency */,
			);
			fileSystemSynchronizedGroups = (
				5E94B6052FB2617D0089A2C4 /* Psychosocial  AnalyticsUITests */,
			);
			name = "Psychosocial  AnalyticsUITests";
			packageProductDependencies = (
			);
			productName = "Psychosocial  AnalyticsUITests";
			productReference = 5E94B6022FB2617D0089A2C4 /* Psychosocial  AnalyticsUITests.xctest */;
			productType = "com.apple.product-type.bundle.ui-testing";
		};
/* End PBXNativeTarget section */

/* Begin PBXProject section */
		5E94B5DF2FB2617A0089A2C4 /* Project object */ = {
			isa = PBXProject;
			attributes = {
				BuildIndependentTargetsInParallel = 1;
				LastSwiftUpdateCheck = 2640;
				LastUpgradeCheck = 2640;
				TargetAttributes = {
					5E94B5E62FB2617A0089A2C4 = {
						CreatedOnToolsVersion = 26.4.1;
					};
					5E94B5F72FB2617D0089A2C4 = {
						CreatedOnToolsVersion = 26.4.1;
						TestTargetID = 5E94B5E62FB2617A0089A2C4;
					};
					5E94B6012FB2617D0089A2C4 = {
						CreatedOnToolsVersion = 26.4.1;
						TestTargetID = 5E94B5E62FB2617A0089A2C4;
					};
				};
			};
			buildConfigurationList = 5E94B5E22FB2617A0089A2C4 /* Build configuration list for PBXProject "Psychosocial  Analytics" */;
			developmentRegion = en;
			hasScannedForEncodings = 0;
			knownRegions = (
				en,
				Base,
			);
			mainGroup = 5E94B5DE2FB2617A0089A2C4;
			minimizedProjectReferenceProxies = 1;
			preferredProjectObjectVersion = 77;
			productRefGroup = 5E94B5E82FB2617A0089A2C4 /* Products */;
			projectDirPath = "";
			projectRoot = "";
			targets = (
				5E94B5E62FB2617A0089A2C4 /* Psychosocial  Analytics */,
				5E94B5F72FB2617D0089A2C4 /* Psychosocial  AnalyticsTests */,
				5E94B6012FB2617D0089A2C4 /* Psychosocial  AnalyticsUITests */,
			);
		};
/* End PBXProject section */

/* Begin PBXResourcesBuildPhase section */
		5E94B5E52FB2617A0089A2C4 /* Resources */ = {
			isa = PBXResourcesBuildPhase;
			buildActionMask = 2147483647;
			files = (
			);
			runOnlyForDeploymentPostprocessing = 0;
		};
		5E94B5F62FB2617D0089A2C4 /* Resources */ = {
			isa = PBXResourcesBuildPhase;
			buildActionMask = 2147483647;
			files = (
			);
			runOnlyForDeploymentPostprocessing = 0;
		};
		5E94B6002FB2617D0089A2C4 /* Resources */ = {
			isa = PBXResourcesBuildPhase;
			buildActionMask = 2147483647;
			files = (
			);
			runOnlyForDeploymentPostprocessing = 0;
		};
/* End PBXResourcesBuildPhase section */

/* Begin PBXSourcesBuildPhase section */
		5E94B5E32FB2617A0089A2C4 /* Sources */ = {
			isa = PBXSourcesBuildPhase;
			buildActionMask = 2147483647;
			files = (
			);
			runOnlyForDeploymentPostprocessing = 0;
		};
		5E94B5F42FB2617D0089A2C4 /* Sources */ = {
			isa = PBXSourcesBuildPhase;
			buildActionMask = 2147483647;
			files = (
			);
			runOnlyForDeploymentPostprocessing = 0;
		};
		5E94B5FE2FB2617D0089A2C4 /* Sources */ = {
			isa = PBXSourcesBuildPhase;
			buildActionMask = 2147483647;
			files = (
			);
			runOnlyForDeploymentPostprocessing = 0;
		};
/* End PBXSourcesBuildPhase section */

/* Begin PBXTargetDependency section */
		5E94B5FA2FB2617D0089A2C4 /* PBXTargetDependency */ = {
			isa = PBXTargetDependency;
			target = 5E94B5E62FB2617A0089A2C4 /* Psychosocial  Analytics */;
			targetProxy = 5E94B5F92FB2617D0089A2C4 /* PBXContainerItemProxy */;
		};
		5E94B6042FB2617D0089A2C4 /* PBXTargetDependency */ = {
			isa = PBXTargetDependency;
			target = 5E94B5E62FB2617A0089A2C4 /* Psychosocial  Analytics */;
			targetProxy = 5E94B6032FB2617D0089A2C4 /* PBXContainerItemProxy */;
		};
/* End PBXTargetDependency section */

/* Begin XCBuildConfiguration section */
		5E94B60C2FB2617D0089A2C4 /* Debug */ = {
			isa = XCBuildConfiguration;
			buildSettings = {
				ASSETCATALOG_COMPILER_APPICON_NAME = AppIcon;
				ASSETCATALOG_COMPILER_GLOBAL_ACCENT_COLOR_NAME = AccentColor;
				CODE_SIGN_ENTITLEMENTS = "Psychosocial  Analytics/Psychosocial__Analytics.entitlements";
				CODE_SIGN_STYLE = Automatic;
				CURRENT_PROJECT_VERSION = 1;
				DEVELOPMENT_TEAM = TM2WG7HH96;
				ENABLE_PREVIEWS = YES;
				GENERATE_INFOPLIST_FILE = YES;
				INFOPLIST_FILE = "Psychosocial  Analytics/Info.plist";
				INFOPLIST_KEY_UIApplicationSceneManifest_Generation = YES;
				INFOPLIST_KEY_UIApplicationSupportsIndirectInputEvents = YES;
				INFOPLIST_KEY_UILaunchScreen_Generation = YES;
				INFOPLIST_KEY_UISupportedInterfaceOrientations_iPad = "UIInterfaceOrientationPortrait UIInterfaceOrientationPortraitUpsideDown UIInterfaceOrientationLandscapeLeft UIInterfaceOrientationLandscapeRight";
				INFOPLIST_KEY_UISupportedInterfaceOrientations_iPhone = "UIInterfaceOrientationPortrait UIInterfaceOrientationLandscapeLeft UIInterfaceOrientationLandscapeRight";
				LD_RUNPATH_SEARCH_PATHS = (
					"$(inherited)",
					"@executable_path/Frameworks",
				);
				MARKETING_VERSION = 1.0;
				PRODUCT_BUNDLE_IDENTIFIER = "wcs.Psychosocial--Analytics";
				PRODUCT_NAME = "$(TARGET_NAME)";
				STRING_CATALOG_GENERATE_SYMBOLS = YES;
				SWIFT_APPROACHABLE_CONCURRENCY = YES;
				SWIFT_DEFAULT_ACTOR_ISOLATION = MainActor;
				SWIFT_EMIT_LOC_STRINGS = YES;
				SWIFT_UPCOMING_FEATURE_MEMBER_IMPORT_VISIBILITY = YES;
				SWIFT_VERSION = 5.0;
				TARGETED_DEVICE_FAMILY = "1,2";
			};
			name = Debug;
		};
		5E94B60D2FB2617D0089A2C4 /* Release */ = {
			isa = XCBuildConfiguration;
			buildSettings = {
				ASSETCATALOG_COMPILER_APPICON_NAME = AppIcon;
				ASSETCATALOG_COMPILER_GLOBAL_ACCENT_COLOR_NAME = AccentColor;
				CODE_SIGN_ENTITLEMENTS = "Psychosocial  Analytics/Psychosocial__Analytics.entitlements";
				CODE_SIGN_STYLE = Automatic;
				CURRENT_PROJECT_VERSION = 1;
				DEVELOPMENT_TEAM = TM2WG7HH96;
				ENABLE_PREVIEWS = YES;
				GENERATE_INFOPLIST_FILE = YES;
				INFOPLIST_FILE = "Psychosocial  Analytics/Info.plist";
				INFOPLIST_KEY_UIApplicationSceneManifest_Generation = YES;
				INFOPLIST_KEY_UIApplicationSupportsIndirectInputEvents = YES;
				INFOPLIST_KEY_UILaunchScreen_Generation = YES;
				INFOPLIST_KEY_UISupportedInterfaceOrientations_iPad = "UIInterfaceOrientationPortrait UIInterfaceOrientationPortraitUpsideDown UIInterfaceOrientationLandscapeLeft UIInterfaceOrientationLandscapeRight";
				INFOPLIST_KEY_UISupportedInterfaceOrientations_iPhone = "UIInterfaceOrientationPortrait UIInterfaceOrientationLandscapeLeft UIInterfaceOrientationLandscapeRight";
				LD_RUNPATH_SEARCH_PATHS = (
					"$(inherited)",
					"@executable_path/Frameworks",
				);
				MARKETING_VERSION = 1.0;
				PRODUCT_BUNDLE_IDENTIFIER = "wcs.Psychosocial--Analytics";
				PRODUCT_NAME = "$(TARGET_NAME)";
				STRING_CATALOG_GENERATE_SYMBOLS = YES;
				SWIFT_APPROACHABLE_CONCURRENCY = YES;
				SWIFT_DEFAULT_ACTOR_ISOLATION = MainActor;
				SWIFT_EMIT_LOC_STRINGS = YES;
				SWIFT_UPCOMING_FEATURE_MEMBER_IMPORT_VISIBILITY = YES;
				SWIFT_VERSION = 5.0;
				TARGETED_DEVICE_FAMILY = "1,2";
			};
			name = Release;
		};
		5E94B60E2FB2617D0089A2C4 /* Debug */ = {
			isa = XCBuildConfiguration;
			buildSettings = {
				ALWAYS_SEARCH_USER_PATHS = NO;
				ASSETCATALOG_COMPILER_GENERATE_SWIFT_ASSET_SYMBOL_EXTENSIONS = YES;
				CLANG_ANALYZER_NONNULL = YES;
				CLANG_ANALYZER_NUMBER_OBJECT_CONVERSION = YES_AGGRESSIVE;
				CLANG_CXX_LANGUAGE_STANDARD = "gnu++20";
				CLANG_ENABLE_MODULES = YES;
				CLANG_ENABLE_OBJC_ARC = YES;
				CLANG_ENABLE_OBJC_WEAK = YES;
				CLANG_WARN_BLOCK_CAPTURE_AUTORELEASING = YES;
				CLANG_WARN_BOOL_CONVERSION = YES;
				CLANG_WARN_COMMA = YES;
				CLANG_WARN_CONSTANT_CONVERSION = YES;
				CLANG_WARN_DEPRECATED_OBJC_IMPLEMENTATIONS = YES;
				CLANG_WARN_DIRECT_OBJC_ISA_USAGE = YES_ERROR;
				CLANG_WARN_DOCUMENTATION_COMMENTS = YES;
				CLANG_WARN_EMPTY_BODY = YES;
				CLANG_WARN_ENUM_CONVERSION = YES;
				CLANG_WARN_INFINITE_RECURSION = YES;
				CLANG_WARN_INT_CONVERSION = YES;
				CLANG_WARN_NON_LITERAL_NULL_CONVERSION = YES;
				CLANG_WARN_OBJC_IMPLICIT_RETAIN_SELF = YES;
				CLANG_WARN_OBJC_LITERAL_CONVERSION = YES;
				CLANG_WARN_OBJC_ROOT_CLASS = YES_ERROR;
				CLANG_WARN_QUOTED_INCLUDE_IN_FRAMEWORK_HEADER = YES;
				CLANG_WARN_RANGE_LOOP_ANALYSIS = YES;
				CLANG_WARN_STRICT_PROTOTYPES = YES;
				CLANG_WARN_SUSPICIOUS_MOVE = YES;
				CLANG_WARN_UNGUARDED_AVAILABILITY = YES_AGGRESSIVE;
				CLANG_WARN_UNREACHABLE_CODE = YES;
				CLANG_WARN__DUPLICATE_METHOD_MATCH = YES;
				COPY_PHASE_STRIP = NO;
				DEBUG_INFORMATION_FORMAT = dwarf;
				DEVELOPMENT_TEAM = TM2WG7HH96;
				ENABLE_STRICT_OBJC_MSGSEND = YES;
				ENABLE_TESTABILITY = YES;
				ENABLE_USER_SCRIPT_SANDBOXING = YES;
				GCC_C_LANGUAGE_STANDARD = gnu17;
				GCC_DYNAMIC_NO_PIC = NO;
				GCC_NO_COMMON_BLOCKS = YES;
				GCC_OPTIMIZATION_LEVEL = 0;
				GCC_PREPROCESSOR_DEFINITIONS = (
					"DEBUG=1",
					"$(inherited)",
				);
				GCC_WARN_64_TO_32_BIT_CONVERSION = YES;
				GCC_WARN_ABOUT_RETURN_TYPE = YES_ERROR;
				GCC_WARN_UNDECLARED_SELECTOR = YES;
				GCC_WARN_UNINITIALIZED_AUTOS = YES_AGGRESSIVE;
				GCC_WARN_UNUSED_FUNCTION = YES;
				GCC_WARN_UNUSED_VARIABLE = YES;
				IPHONEOS_DEPLOYMENT_TARGET = 26.4;
				LOCALIZATION_PREFERS_STRING_CATALOGS = YES;
				MTL_ENABLE_DEBUG_INFO = INCLUDE_SOURCE;
				MTL_FAST_MATH = YES;
				ONLY_ACTIVE_ARCH = YES;
				SDKROOT = iphoneos;
				SWIFT_ACTIVE_COMPILATION_CONDITIONS = "DEBUG $(inherited)";
				SWIFT_OPTIMIZATION_LEVEL = "-Onone";
			};
			name = Debug;
		};
		5E94B60F2FB2617D0089A2C4 /* Release */ = {
			isa = XCBuildConfiguration;
			buildSettings = {
				ALWAYS_SEARCH_USER_PATHS = NO;
				ASSETCATALOG_COMPILER_GENERATE_SWIFT_ASSET_SYMBOL_EXTENSIONS = YES;
				CLANG_ANALYZER_NONNULL = YES;
				CLANG_ANALYZER_NUMBER_OBJECT_CONVERSION = YES_AGGRESSIVE;
				CLANG_CXX_LANGUAGE_STANDARD = "gnu++20";
				CLANG_ENABLE_MODULES = YES;
				CLANG_ENABLE_OBJC_ARC = YES;
				CLANG_ENABLE_OBJC_WEAK = YES;
				CLANG_WARN_BLOCK_CAPTURE_AUTORELEASING = YES;
				CLANG_WARN_BOOL_CONVERSION = YES;
				CLANG_WARN_COMMA = YES;
				CLANG_WARN_CONSTANT_CONVERSION = YES;
				CLANG_WARN_DEPRECATED_OBJC_IMPLEMENTATIONS = YES;
				CLANG_WARN_DIRECT_OBJC_ISA_USAGE = YES_ERROR;
				CLANG_WARN_DOCUMENTATION_COMMENTS = YES;
				CLANG_WARN_EMPTY_BODY = YES;
				CLANG_WARN_ENUM_CONVERSION = YES;
				CLANG_WARN_INFINITE_RECURSION = YES;
				CLANG_WARN_INT_CONVERSION = YES;
				CLANG_WARN_NON_LITERAL_NULL_CONVERSION = YES;
				CLANG_WARN_OBJC_IMPLICIT_RETAIN_SELF = YES;
				CLANG_WARN_OBJC_LITERAL_CONVERSION = YES;
				CLANG_WARN_OBJC_ROOT_CLASS = YES_ERROR;
				CLANG_WARN_QUOTED_INCLUDE_IN_FRAMEWORK_HEADER = YES;
				CLANG_WARN_RANGE_LOOP_ANALYSIS = YES;
				CLANG_WARN_STRICT_PROTOTYPES = YES;
				CLANG_WARN_SUSPICIOUS_MOVE = YES;
				CLANG_WARN_UNGUARDED_AVAILABILITY = YES_AGGRESSIVE;
				CLANG_WARN_UNREACHABLE_CODE = YES;
				CLANG_WARN__DUPLICATE_METHOD_MATCH = YES;
				COPY_PHASE_STRIP = NO;
				DEBUG_INFORMATION_FORMAT = "dwarf-with-dsym";
				DEVELOPMENT_TEAM = TM2WG7HH96;
				ENABLE_NS_ASSERTIONS = NO;
				ENABLE_STRICT_OBJC_MSGSEND = YES;
				ENABLE_USER_SCRIPT_SANDBOXING = YES;
				GCC_C_LANGUAGE_STANDARD = gnu17;
				GCC_NO_COMMON_BLOCKS = YES;
				GCC_WARN_64_TO_32_BIT_CONVERSION = YES;
				GCC_WARN_ABOUT_RETURN_TYPE = YES_ERROR;
				GCC_WARN_UNDECLARED_SELECTOR = YES;
				GCC_WARN_UNINITIALIZED_AUTOS = YES_AGGRESSIVE;
				GCC_WARN_UNUSED_FUNCTION = YES;
				GCC_WARN_UNUSED_VARIABLE = YES;
				IPHONEOS_DEPLOYMENT_TARGET = 26.4;
				LOCALIZATION_PREFERS_STRING_CATALOGS = YES;
				MTL_ENABLE_DEBUG_INFO = NO;
				MTL_FAST_MATH = YES;
				SDKROOT = iphoneos;
				SWIFT_COMPILATION_MODE = wholemodule;
				VALIDATE_PRODUCT = YES;
			};
			name = Release;
		};
		5E94B6112FB2617D0089A2C4 /* Debug */ = {
			isa = XCBuildConfiguration;
			buildSettings = {
				BUNDLE_LOADER = "$(TEST_HOST)";
				CODE_SIGN_STYLE = Automatic;
				CURRENT_PROJECT_VERSION = 1;
				DEVELOPMENT_TEAM = TM2WG7HH96;
				GENERATE_INFOPLIST_FILE = YES;
				IPHONEOS_DEPLOYMENT_TARGET = 26.4;
				MARKETING_VERSION = 1.0;
				PRODUCT_BUNDLE_IDENTIFIER = "wcs.Psychosocial--AnalyticsTests";
				PRODUCT_NAME = "$(TARGET_NAME)";
				STRING_CATALOG_GENERATE_SYMBOLS = NO;
				SWIFT_APPROACHABLE_CONCURRENCY = YES;
				SWIFT_EMIT_LOC_STRINGS = NO;
				SWIFT_UPCOMING_FEATURE_MEMBER_IMPORT_VISIBILITY = YES;
				SWIFT_VERSION = 5.0;
				TARGETED_DEVICE_FAMILY = "1,2";
				TEST_HOST = "$(BUILT_PRODUCTS_DIR)/Psychosocial  Analytics.app/$(BUNDLE_EXECUTABLE_FOLDER_PATH)/Psychosocial  Analytics";
			};
			name = Debug;
		};
		5E94B6122FB2617D0089A2C4 /* Release */ = {
			isa = XCBuildConfiguration;
			buildSettings = {
				BUNDLE_LOADER = "$(TEST_HOST)";
				CODE_SIGN_STYLE = Automatic;
				CURRENT_PROJECT_VERSION = 1;
				DEVELOPMENT_TEAM = TM2WG7HH96;
				GENERATE_INFOPLIST_FILE = YES;
				IPHONEOS_DEPLOYMENT_TARGET = 26.4;
				MARKETING_VERSION = 1.0;
				PRODUCT_BUNDLE_IDENTIFIER = "wcs.Psychosocial--AnalyticsTests";
				PRODUCT_NAME = "$(TARGET_NAME)";
				STRING_CATALOG_GENERATE_SYMBOLS = NO;
				SWIFT_APPROACHABLE_CONCURRENCY = YES;
				SWIFT_EMIT_LOC_STRINGS = NO;
				SWIFT_UPCOMING_FEATURE_MEMBER_IMPORT_VISIBILITY = YES;
				SWIFT_VERSION = 5.0;
				TARGETED_DEVICE_FAMILY = "1,2";
				TEST_HOST = "$(BUILT_PRODUCTS_DIR)/Psychosocial  Analytics.app/$(BUNDLE_EXECUTABLE_FOLDER_PATH)/Psychosocial  Analytics";
			};
			name = Release;
		};
		5E94B6142FB2617D0089A2C4 /* Debug */ = {
			isa = XCBuildConfiguration;
			buildSettings = {
				CODE_SIGN_STYLE = Automatic;
				CURRENT_PROJECT_VERSION = 1;
				DEVELOPMENT_TEAM = TM2WG7HH96;
				GENERATE_INFOPLIST_FILE = YES;
				MARKETING_VERSION = 1.0;
				PRODUCT_BUNDLE_IDENTIFIER = "wcs.Psychosocial--AnalyticsUITests";
				PRODUCT_NAME = "$(TARGET_NAME)";
				STRING_CATALOG_GENERATE_SYMBOLS = NO;
				SWIFT_APPROACHABLE_CONCURRENCY = YES;
				SWIFT_EMIT_LOC_STRINGS = NO;
				SWIFT_UPCOMING_FEATURE_MEMBER_IMPORT_VISIBILITY = YES;
				SWIFT_VERSION = 5.0;
				TARGETED_DEVICE_FAMILY = "1,2";
				TEST_TARGET_NAME = "Psychosocial  Analytics";
			};
			name = Debug;
		};
		5E94B6152FB2617D0089A2C4 /* Release */ = {
			isa = XCBuildConfiguration;
			buildSettings = {
				CODE_SIGN_STYLE = Automatic;
				CURRENT_PROJECT_VERSION = 1;
				DEVELOPMENT_TEAM = TM2WG7HH96;
				GENERATE_INFOPLIST_FILE = YES;
				MARKETING_VERSION = 1.0;
				PRODUCT_BUNDLE_IDENTIFIER = "wcs.Psychosocial--AnalyticsUITests";
				PRODUCT_NAME = "$(TARGET_NAME)";
				STRING_CATALOG_GENERATE_SYMBOLS = NO;
				SWIFT_APPROACHABLE_CONCURRENCY = YES;
				SWIFT_EMIT_LOC_STRINGS = NO;
				SWIFT_UPCOMING_FEATURE_MEMBER_IMPORT_VISIBILITY = YES;
				SWIFT_VERSION = 5.0;
				TARGETED_DEVICE_FAMILY = "1,2";
				TEST_TARGET_NAME = "Psychosocial  Analytics";
			};
			name = Release;
		};
/* End XCBuildConfiguration section */

/* Begin XCConfigurationList section */
		5E94B5E22FB2617A0089A2C4 /* Build configuration list for PBXProject "Psychosocial  Analytics" */ = {
			isa = XCConfigurationList;
			buildConfigurations = (
				5E94B60E2FB2617D0089A2C4 /* Debug */,
				5E94B60F2FB2617D0089A2C4 /* Release */,
			);
			defaultConfigurationIsVisible = 0;
			defaultConfigurationName = Release;
		};
		5E94B60B2FB2617D0089A2C4 /* Build configuration list for PBXNativeTarget "Psychosocial  Analytics" */ = {
			isa = XCConfigurationList;
			buildConfigurations = (
				5E94B60C2FB2617D0089A2C4 /* Debug */,
				5E94B60D2FB2617D0089A2C4 /* Release */,
			);
			defaultConfigurationIsVisible = 0;
			defaultConfigurationName = Release;
		};
		5E94B6102FB2617D0089A2C4 /* Build configuration list for PBXNativeTarget "Psychosocial  AnalyticsTests" */ = {
			isa = XCConfigurationList;
			buildConfigurations = (
				5E94B6112FB2617D0089A2C4 /* Debug */,
				5E94B6122FB2617D0089A2C4 /* Release */,
			);
			defaultConfigurationIsVisible = 0;
			defaultConfigurationName = Release;
		};
		5E94B6132FB2617D0089A2C4 /* Build configuration list for PBXNativeTarget "Psychosocial  AnalyticsUITests" */ = {
			isa = XCConfigurationList;
			buildConfigurations = (
				5E94B6142FB2617D0089A2C4 /* Debug */,
				5E94B6152FB2617D0089A2C4 /* Release */,
			);
			defaultConfigurationIsVisible = 0;
			defaultConfigurationName = Release;
		};
/* End XCConfigurationList section */
	};
	rootObject = 5E94B5DF2FB2617A0089A2C4 /* Project object */;
}
